
Microsoft Visual Studio Solution File, Format Version 12.00
# Visual Studio Version 16
VisualStudioVersion = 16.0.31321.278
MinimumVisualStudioVersion = 10.0.40219.1
Project("{FAE04EC0-301F-11D3-BF4B-00C04F79EFBC}") = "Gestion_Usine", "Gestion_Usine.csproj", "{A004153C-1931-48EA-9A7D-6B85BAC5773D}"
EndProject
Global
	GlobalSection(SolutionConfigurationPlatforms) = preSolution
		Debug|Any CPU = Debug|Any CPU
		Release|Any CPU = Release|Any CPU
	EndGlobalSection
	GlobalSection(ProjectConfigurationPlatforms) = postSolution
		{A004153C-1931-48EA-9A7D-6B85BAC5773D}.Debug|Any CPU.ActiveCfg = Debug|Any CPU
		{A004153C-1931-48EA-9A7D-6B85BAC5773D}.Debug|Any CPU.Build.0 = Debug|Any CPU
		{A004153C-1931-48EA-9A7D-6B85BAC5773D}.Release|Any CPU.ActiveCfg = Release|Any CPU
		{A004153C-1931-48EA-9A7D-6B85BAC5773D}.Release|Any CPU.Build.0 = Release|Any CPU
	EndGlobalSection
	GlobalSection(SolutionProperties) = preSolution
		HideSolutionNode = FALSE
	EndGlobalSection
	GlobalSection(ExtensibilityGlobals) = postSolution
		SolutionGuid = {FD9E0E94-6EE2-4784-A4BD-A9C2C0670F8D}
	EndGlobalSection
EndGlobal
